
Microsoft Visual Studio Solution File, Format Version 12.00
# Visual Studio Version 16
VisualStudioVersion = 16.0.32413.511
MinimumVisualStudioVersion = 10.0.40219.1
Project("{FAE04EC0-301F-11D3-BF4B-00C04F79EFBC}") = "newwebapp", "newwebapp.csproj", "{E641BFCF-0E37-4EDE-955E-11E9CC6B540B}"
EndProject
Global
	GlobalSection(SolutionConfigurationPlatforms) = preSolution
		Debug|Any CPU = Debug|Any CPU
		Release|Any CPU = Release|Any CPU
	EndGlobalSection
	GlobalSection(ProjectConfigurationPlatforms) = postSolution
		{E641BFCF-0E37-4EDE-955E-11E9CC6B540B}.Debug|Any CPU.ActiveCfg = Debug|Any CPU
		{E641BFCF-0E37-4EDE-955E-11E9CC6B540B}.Debug|Any CPU.Build.0 = Debug|Any CPU
		{E641BFCF-0E37-4EDE-955E-11E9CC6B540B}.Release|Any CPU.ActiveCfg = Release|Any CPU
		{E641BFCF-0E37-4EDE-955E-11E9CC6B540B}.Release|Any CPU.Build.0 = Release|Any CPU
	EndGlobalSection
	GlobalSection(SolutionProperties) = preSolution
		HideSolutionNode = FALSE
	EndGlobalSection
	GlobalSection(ExtensibilityGlobals) = postSolution
		SolutionGuid = {75EB5F75-EDDB-48BF-8396-F2CF9DF4E72E}
	EndGlobalSection
EndGlobal
